// !$*UTF8*$!
{
	archiveVersion = 1;
	classes = {
	};
	objectVersion = 56;
	objects = {

/* Begin PBXBuildFile section */
		2E4309552A570C340095A00C /* AttributeScopes.swift in Sources */ = {isa = PBXBuildFile; fileRef = 2E4309542A570C340095A00C /* AttributeScopes.swift */; };
		2E4309572A5712CB0095A00C /* MarkdownView.swift in Sources */ = {isa = PBXBuildFile; fileRef = 2E4309562A5712CB0095A00C /* MarkdownView.swift */; };
		2E43095B2A5714FC0095A00C /* TextTheme.swift in Sources */ = {isa = PBXBuildFile; fileRef = 2E43095A2A5714FC0095A00C /* TextTheme.swift */; };
		2E43095D2A57174E0095A00C /* CustomText.swift in Sources */ = {isa = PBXBuildFile; fileRef = 2E43095C2A57174E0095A00C /* CustomText.swift */; };
		2E43095F2A5749120095A00C /* WordGrid.swift in Sources */ = {isa = PBXBuildFile; fileRef = 2E43095E2A5749120095A00C /* WordGrid.swift */; };
		2E4309612A575CBC0095A00C /* LessonPage.swift in Sources */ = {isa = PBXBuildFile; fileRef = 2E4309602A575CBC0095A00C /* LessonPage.swift */; };
		2E4309672A575FCF0095A00C /* LessonsList.swift in Sources */ = {isa = PBXBuildFile; fileRef = 2E4309662A575FCF0095A00C /* LessonsList.swift */; };
		2E43096C2A5762770095A00C /* Lesson.swift in Sources */ = {isa = PBXBuildFile; fileRef = 2E43096B2A5762770095A00C /* Lesson.swift */; };
		2E43096E2A5768A10095A00C /* ModelData.swift in Sources */ = {isa = PBXBuildFile; fileRef = 2E43096D2A5768A10095A00C /* ModelData.swift */; };
		2E4309712A576BD80095A00C /* lessons.json in Resources */ = {isa = PBXBuildFile; fileRef = 2E4309702A576BD80095A00C /* lessons.json */; };
		2E4309732A576E830095A00C /* LessonView.swift in Sources */ = {isa = PBXBuildFile; fileRef = 2E4309722A576E830095A00C /* LessonView.swift */; };
		2E4309752A58AA7B0095A00C /* lesson1.md in Resources */ = {isa = PBXBuildFile; fileRef = 2E4309742A58AA7B0095A00C /* lesson1.md */; };
		2E4309772A58AA9F0095A00C /* GuidanceView.swift in Sources */ = {isa = PBXBuildFile; fileRef = 2E4309762A58AA9F0095A00C /* GuidanceView.swift */; };
		2EF527D92A560710001443CF /* CartilhaApp.swift in Sources */ = {isa = PBXBuildFile; fileRef = 2EF527D82A560710001443CF /* CartilhaApp.swift */; };
		2EF527DD2A560712001443CF /* Assets.xcassets in Resources */ = {isa = PBXBuildFile; fileRef = 2EF527DC2A560712001443CF /* Assets.xcassets */; };
		2EF527E12A560712001443CF /* Preview Assets.xcassets in Resources */ = {isa = PBXBuildFile; fileRef = 2EF527E02A560712001443CF /* Preview Assets.xcassets */; };
/* End PBXBuildFile section */

/* Begin PBXFileReference section */
		2E4309542A570C340095A00C /* AttributeScopes.swift */ = {isa = PBXFileReference; lastKnownFileType = sourcecode.swift; path = AttributeScopes.swift; sourceTree = "<group>"; };
		2E4309562A5712CB0095A00C /* MarkdownView.swift */ = {isa = PBXFileReference; lastKnownFileType = sourcecode.swift; path = MarkdownView.swift; sourceTree = "<group>"; };
		2E43095A2A5714FC0095A00C /* TextTheme.swift */ = {isa = PBXFileReference; lastKnownFileType = sourcecode.swift; path = TextTheme.swift; sourceTree = "<group>"; };
		2E43095C2A57174E0095A00C /* CustomText.swift */ = {isa = PBXFileReference; lastKnownFileType = sourcecode.swift; path = CustomText.swift; sourceTree = "<group>"; };
		2E43095E2A5749120095A00C /* WordGrid.swift */ = {isa = PBXFileReference; lastKnownFileType = sourcecode.swift; path = WordGrid.swift; sourceTree = "<group>"; };
		2E4309602A575CBC0095A00C /* LessonPage.swift */ = {isa = PBXFileReference; lastKnownFileType = sourcecode.swift; path = LessonPage.swift; sourceTree = "<group>"; };
		2E4309662A575FCF0095A00C /* LessonsList.swift */ = {isa = PBXFileReference; lastKnownFileType = sourcecode.swift; path = LessonsList.swift; sourceTree = "<group>"; };
		2E43096B2A5762770095A00C /* Lesson.swift */ = {isa = PBXFileReference; lastKnownFileType = sourcecode.swift; path = Lesson.swift; sourceTree = "<group>"; };
		2E43096D2A5768A10095A00C /* ModelData.swift */ = {isa = PBXFileReference; lastKnownFileType = sourcecode.swift; path = ModelData.swift; sourceTree = "<group>"; };
		2E4309702A576BD80095A00C /* lessons.json */ = {isa = PBXFileReference; fileEncoding = 4; lastKnownFileType = text.json; path = lessons.json; sourceTree = "<group>"; };
		2E4309722A576E830095A00C /* LessonView.swift */ = {isa = PBXFileReference; lastKnownFileType = sourcecode.swift; path = LessonView.swift; sourceTree = "<group>"; };
		2E4309742A58AA7B0095A00C /* lesson1.md */ = {isa = PBXFileReference; fileEncoding = 4; lastKnownFileType = net.daringfireball.markdown; path = lesson1.md; sourceTree = "<group>"; };
		2E4309762A58AA9F0095A00C /* GuidanceView.swift */ = {isa = PBXFileReference; lastKnownFileType = sourcecode.swift; path = GuidanceView.swift; sourceTree = "<group>"; };
		2EF527D52A560710001443CF /* Cartilha.app */ = {isa = PBXFileReference; explicitFileType = wrapper.application; includeInIndex = 0; path = Cartilha.app; sourceTree = BUILT_PRODUCTS_DIR; };
		2EF527D82A560710001443CF /* CartilhaApp.swift */ = {isa = PBXFileReference; lastKnownFileType = sourcecode.swift; path = CartilhaApp.swift; sourceTree = "<group>"; };
		2EF527DC2A560712001443CF /* Assets.xcassets */ = {isa = PBXFileReference; lastKnownFileType = folder.assetcatalog; path = Assets.xcassets; sourceTree = "<group>"; };
		2EF527DE2A560712001443CF /* Cartilha.entitlements */ = {isa = PBXFileReference; lastKnownFileType = text.plist.entitlements; path = Cartilha.entitlements; sourceTree = "<group>"; };
		2EF527E02A560712001443CF /* Preview Assets.xcassets */ = {isa = PBXFileReference; lastKnownFileType = folder.assetcatalog; path = "Preview Assets.xcassets"; sourceTree = "<group>"; };
/* End PBXFileReference section */

/* Begin PBXFrameworksBuildPhase section */
		2EF527D22A560710001443CF /* Frameworks */ = {
			isa = PBXFrameworksBuildPhase;
			buildActionMask = 2147483647;
			files = (
			);
			runOnlyForDeploymentPostprocessing = 0;
		};
/* End PBXFrameworksBuildPhase section */

/* Begin PBXGroup section */
		2E4309582A5714960095A00C /* Models */ = {
			isa = PBXGroup;
			children = (
				2E43095A2A5714FC0095A00C /* TextTheme.swift */,
				2E4309542A570C340095A00C /* AttributeScopes.swift */,
				2E43096B2A5762770095A00C /* Lesson.swift */,
				2E43096D2A5768A10095A00C /* ModelData.swift */,
			);
			path = Models;
			sourceTree = "<group>";
		};
		2E4309592A57149C0095A00C /* Views */ = {
			isa = PBXGroup;
			children = (
				2E4309662A575FCF0095A00C /* LessonsList.swift */,
				2E4309722A576E830095A00C /* LessonView.swift */,
				2E4309602A575CBC0095A00C /* LessonPage.swift */,
				2E4309762A58AA9F0095A00C /* GuidanceView.swift */,
				2E43095E2A5749120095A00C /* WordGrid.swift */,
				2E4309562A5712CB0095A00C /* MarkdownView.swift */,
				2E43095C2A57174E0095A00C /* CustomText.swift */,
			);
			path = Views;
			sourceTree = "<group>";
		};
		2E43096F2A5768D10095A00C /* Resources */ = {
			isa = PBXGroup;
			children = (
				2E4309702A576BD80095A00C /* lessons.json */,
				2E4309742A58AA7B0095A00C /* lesson1.md */,
			);
			path = Resources;
			sourceTree = "<group>";
		};
		2EF527CC2A560710001443CF = {
			isa = PBXGroup;
			children = (
				2EF527D72A560710001443CF /* Cartilha */,
				2EF527D62A560710001443CF /* Products */,
			);
			sourceTree = "<group>";
		};
		2EF527D62A560710001443CF /* Products */ = {
			isa = PBXGroup;
			children = (
				2EF527D52A560710001443CF /* Cartilha.app */,
			);
			name = Products;
			sourceTree = "<group>";
		};
		2EF527D72A560710001443CF /* Cartilha */ = {
			isa = PBXGroup;
			children = (
				2E4309582A5714960095A00C /* Models */,
				2E4309592A57149C0095A00C /* Views */,
				2EF527D82A560710001443CF /* CartilhaApp.swift */,
				2E43096F2A5768D10095A00C /* Resources */,
				2EF527DC2A560712001443CF /* Assets.xcassets */,
				2EF527DE2A560712001443CF /* Cartilha.entitlements */,
				2EF527DF2A560712001443CF /* Preview Content */,
			);
			path = Cartilha;
			sourceTree = "<group>";
		};
		2EF527DF2A560712001443CF /* Preview Content */ = {
			isa = PBXGroup;
			children = (
				2EF527E02A560712001443CF /* Preview Assets.xcassets */,
			);
			path = "Preview Content";
			sourceTree = "<group>";
		};
/* End PBXGroup section */

/* Begin PBXNativeTarget section */
		2EF527D42A560710001443CF /* Cartilha */ = {
			isa = PBXNativeTarget;
			buildConfigurationList = 2EF527E42A560712001443CF /* Build configuration list for PBXNativeTarget "Cartilha" */;
			buildPhases = (
				2EF527D12A560710001443CF /* Sources */,
				2EF527D22A560710001443CF /* Frameworks */,
				2EF527D32A560710001443CF /* Resources */,
			);
			buildRules = (
			);
			dependencies = (
			);
			name = Cartilha;
			productName = Cartilha;
			productReference = 2EF527D52A560710001443CF /* Cartilha.app */;
			productType = "com.apple.product-type.application";
		};
/* End PBXNativeTarget section */

/* Begin PBXProject section */
		2EF527CD2A560710001443CF /* Project object */ = {
			isa = PBXProject;
			attributes = {
				BuildIndependentTargetsInParallel = 1;
				LastSwiftUpdateCheck = 1430;
				LastUpgradeCheck = 1430;
				TargetAttributes = {
					2EF527D42A560710001443CF = {
						CreatedOnToolsVersion = 14.3.1;
					};
				};
			};
			buildConfigurationList = 2EF527D02A560710001443CF /* Build configuration list for PBXProject "Cartilha" */;
			compatibilityVersion = "Xcode 14.0";
			developmentRegion = en;
			hasScannedForEncodings = 0;
			knownRegions = (
				en,
				Base,
			);
			mainGroup = 2EF527CC2A560710001443CF;
			productRefGroup = 2EF527D62A560710001443CF /* Products */;
			projectDirPath = "";
			projectRoot = "";
			targets = (
				2EF527D42A560710001443CF /* Cartilha */,
			);
		};
/* End PBXProject section */

/* Begin PBXResourcesBuildPhase section */
		2EF527D32A560710001443CF /* Resources */ = {
			isa = PBXResourcesBuildPhase;
			buildActionMask = 2147483647;
			files = (
				2EF527E12A560712001443CF /* Preview Assets.xcassets in Resources */,
				2EF527DD2A560712001443CF /* Assets.xcassets in Resources */,
				2E4309752A58AA7B0095A00C /* lesson1.md in Resources */,
				2E4309712A576BD80095A00C /* lessons.json in Resources */,
			);
			runOnlyForDeploymentPostprocessing = 0;
		};
/* End PBXResourcesBuildPhase section */

/* Begin PBXSourcesBuildPhase section */
		2EF527D12A560710001443CF /* Sources */ = {
			isa = PBXSourcesBuildPhase;
			buildActionMask = 2147483647;
			files = (
				2E4309772A58AA9F0095A00C /* GuidanceView.swift in Sources */,
				2E4309572A5712CB0095A00C /* MarkdownView.swift in Sources */,
				2E43095B2A5714FC0095A00C /* TextTheme.swift in Sources */,
				2E43095F2A5749120095A00C /* WordGrid.swift in Sources */,
				2E4309732A576E830095A00C /* LessonView.swift in Sources */,
				2E4309552A570C340095A00C /* AttributeScopes.swift in Sources */,
				2E43096E2A5768A10095A00C /* ModelData.swift in Sources */,
				2E43095D2A57174E0095A00C /* CustomText.swift in Sources */,
				2EF527D92A560710001443CF /* CartilhaApp.swift in Sources */,
				2E4309672A575FCF0095A00C /* LessonsList.swift in Sources */,
				2E4309612A575CBC0095A00C /* LessonPage.swift in Sources */,
				2E43096C2A5762770095A00C /* Lesson.swift in Sources */,
			);
			runOnlyForDeploymentPostprocessing = 0;
		};
/* End PBXSourcesBuildPhase section */

/* Begin XCBuildConfiguration section */
		2EF527E22A560712001443CF /* Debug */ = {
			isa = XCBuildConfiguration;
			buildSettings = {
				ALWAYS_SEARCH_USER_PATHS = NO;
				CLANG_ANALYZER_NONNULL = YES;
				CLANG_ANALYZER_NUMBER_OBJECT_CONVERSION = YES_AGGRESSIVE;
				CLANG_CXX_LANGUAGE_STANDARD = "gnu++20";
				CLANG_ENABLE_MODULES = YES;
				CLANG_ENABLE_OBJC_ARC = YES;
				CLANG_ENABLE_OBJC_WEAK = YES;
				CLANG_WARN_BLOCK_CAPTURE_AUTORELEASING = YES;
				CLANG_WARN_BOOL_CONVERSION = YES;
				CLANG_WARN_COMMA = YES;
				CLANG_WARN_CONSTANT_CONVERSION = YES;
				CLANG_WARN_DEPRECATED_OBJC_IMPLEMENTATIONS = YES;
				CLANG_WARN_DIRECT_OBJC_ISA_USAGE = YES_ERROR;
				CLANG_WARN_DOCUMENTATION_COMMENTS = YES;
				CLANG_WARN_EMPTY_BODY = YES;
				CLANG_WARN_ENUM_CONVERSION = YES;
				CLANG_WARN_INFINITE_RECURSION = YES;
				CLANG_WARN_INT_CONVERSION = YES;
				CLANG_WARN_NON_LITERAL_NULL_CONVERSION = YES;
				CLANG_WARN_OBJC_IMPLICIT_RETAIN_SELF = YES;
				CLANG_WARN_OBJC_LITERAL_CONVERSION = YES;
				CLANG_WARN_OBJC_ROOT_CLASS = YES_ERROR;
				CLANG_WARN_QUOTED_INCLUDE_IN_FRAMEWORK_HEADER = YES;
				CLANG_WARN_RANGE_LOOP_ANALYSIS = YES;
				CLANG_WARN_STRICT_PROTOTYPES = YES;
				CLANG_WARN_SUSPICIOUS_MOVE = YES;
				CLANG_WARN_UNGUARDED_AVAILABILITY = YES_AGGRESSIVE;
				CLANG_WARN_UNREACHABLE_CODE = YES;
				CLANG_WARN__DUPLICATE_METHOD_MATCH = YES;
				COPY_PHASE_STRIP = NO;
				DEBUG_INFORMATION_FORMAT = dwarf;
				ENABLE_STRICT_OBJC_MSGSEND = YES;
				ENABLE_TESTABILITY = YES;
				GCC_C_LANGUAGE_STANDARD = gnu11;
				GCC_DYNAMIC_NO_PIC = NO;
				GCC_NO_COMMON_BLOCKS = YES;
				GCC_OPTIMIZATION_LEVEL = 0;
				GCC_PREPROCESSOR_DEFINITIONS = (
					"DEBUG=1",
					"$(inherited)",
				);
				GCC_WARN_64_TO_32_BIT_CONVERSION = YES;
				GCC_WARN_ABOUT_RETURN_TYPE = YES_ERROR;
				GCC_WARN_UNDECLARED_SELECTOR = YES;
				GCC_WARN_UNINITIALIZED_AUTOS = YES_AGGRESSIVE;
				GCC_WARN_UNUSED_FUNCTION = YES;
				GCC_WARN_UNUSED_VARIABLE = YES;
				MTL_ENABLE_DEBUG_INFO = INCLUDE_SOURCE;
				MTL_FAST_MATH = YES;
				ONLY_ACTIVE_ARCH = YES;
				SWIFT_ACTIVE_COMPILATION_CONDITIONS = DEBUG;
				SWIFT_OPTIMIZATION_LEVEL = "-Onone";
			};
			name = Debug;
		};
		2EF527E32A560712001443CF /* Release */ = {
			isa = XCBuildConfiguration;
			buildSettings = {
				ALWAYS_SEARCH_USER_PATHS = NO;
				CLANG_ANALYZER_NONNULL = YES;
				CLANG_ANALYZER_NUMBER_OBJECT_CONVERSION = YES_AGGRESSIVE;
				CLANG_CXX_LANGUAGE_STANDARD = "gnu++20";
				CLANG_ENABLE_MODULES = YES;
				CLANG_ENABLE_OBJC_ARC = YES;
				CLANG_ENABLE_OBJC_WEAK = YES;
				CLANG_WARN_BLOCK_CAPTURE_AUTORELEASING = YES;
				CLANG_WARN_BOOL_CONVERSION = YES;
				CLANG_WARN_COMMA = YES;
				CLANG_WARN_CONSTANT_CONVERSION = YES;
				CLANG_WARN_DEPRECATED_OBJC_IMPLEMENTATIONS = YES;
				CLANG_WARN_DIRECT_OBJC_ISA_USAGE = YES_ERROR;
				CLANG_WARN_DOCUMENTATION_COMMENTS = YES;
				CLANG_WARN_EMPTY_BODY = YES;
				CLANG_WARN_ENUM_CONVERSION = YES;
				CLANG_WARN_INFINITE_RECURSION = YES;
				CLANG_WARN_INT_CONVERSION = YES;
				CLANG_WARN_NON_LITERAL_NULL_CONVERSION = YES;
				CLANG_WARN_OBJC_IMPLICIT_RETAIN_SELF = YES;
				CLANG_WARN_OBJC_LITERAL_CONVERSION = YES;
				CLANG_WARN_OBJC_ROOT_CLASS = YES_ERROR;
				CLANG_WARN_QUOTED_INCLUDE_IN_FRAMEWORK_HEADER = YES;
				CLANG_WARN_RANGE_LOOP_ANALYSIS = YES;
				CLANG_WARN_STRICT_PROTOTYPES = YES;
				CLANG_WARN_SUSPICIOUS_MOVE = YES;
				CLANG_WARN_UNGUARDED_AVAILABILITY = YES_AGGRESSIVE;
				CLANG_WARN_UNREACHABLE_CODE = YES;
				CLANG_WARN__DUPLICATE_METHOD_MATCH = YES;
				COPY_PHASE_STRIP = NO;
				DEBUG_INFORMATION_FORMAT = "dwarf-with-dsym";
				ENABLE_NS_ASSERTIONS = NO;
				ENABLE_STRICT_OBJC_MSGSEND = YES;
				GCC_C_LANGUAGE_STANDARD = gnu11;
				GCC_NO_COMMON_BLOCKS = YES;
				GCC_WARN_64_TO_32_BIT_CONVERSION = YES;
				GCC_WARN_ABOUT_RETURN_TYPE = YES_ERROR;
				GCC_WARN_UNDECLARED_SELECTOR = YES;
				GCC_WARN_UNINITIALIZED_AUTOS = YES_AGGRESSIVE;
				GCC_WARN_UNUSED_FUNCTION = YES;
				GCC_WARN_UNUSED_VARIABLE = YES;
				MTL_ENABLE_DEBUG_INFO = NO;
				MTL_FAST_MATH = YES;
				SWIFT_COMPILATION_MODE = wholemodule;
				SWIFT_OPTIMIZATION_LEVEL = "-O";
			};
			name = Release;
		};
		2EF527E52A560712001443CF /* Debug */ = {
			isa = XCBuildConfiguration;
			buildSettings = {
				ALLOW_TARGET_PLATFORM_SPECIALIZATION = YES;
				ASSETCATALOG_COMPILER_APPICON_NAME = AppIcon;
				ASSETCATALOG_COMPILER_GLOBAL_ACCENT_COLOR_NAME = AccentColor;
				CODE_SIGN_ENTITLEMENTS = Cartilha/Cartilha.entitlements;
				CODE_SIGN_STYLE = Automatic;
				CURRENT_PROJECT_VERSION = 1;
				DEVELOPMENT_ASSET_PATHS = "\"Cartilha/Preview Content\"";
				DEVELOPMENT_TEAM = L99ND7F59X;
				ENABLE_HARDENED_RUNTIME = YES;
				ENABLE_PREVIEWS = YES;
				GENERATE_INFOPLIST_FILE = YES;
				"INFOPLIST_KEY_UIApplicationSceneManifest_Generation[sdk=iphoneos*]" = YES;
				"INFOPLIST_KEY_UIApplicationSceneManifest_Generation[sdk=iphonesimulator*]" = YES;
				"INFOPLIST_KEY_UIApplicationSupportsIndirectInputEvents[sdk=iphoneos*]" = YES;
				"INFOPLIST_KEY_UIApplicationSupportsIndirectInputEvents[sdk=iphonesimulator*]" = YES;
				"INFOPLIST_KEY_UILaunchScreen_Generation[sdk=iphoneos*]" = YES;
				"INFOPLIST_KEY_UILaunchScreen_Generation[sdk=iphonesimulator*]" = YES;
				"INFOPLIST_KEY_UIStatusBarStyle[sdk=iphoneos*]" = UIStatusBarStyleDefault;
				"INFOPLIST_KEY_UIStatusBarStyle[sdk=iphonesimulator*]" = UIStatusBarStyleDefault;
				INFOPLIST_KEY_UISupportedInterfaceOrientations_iPad = "UIInterfaceOrientationPortrait UIInterfaceOrientationPortraitUpsideDown UIInterfaceOrientationLandscapeLeft UIInterfaceOrientationLandscapeRight";
				INFOPLIST_KEY_UISupportedInterfaceOrientations_iPhone = "UIInterfaceOrientationPortrait UIInterfaceOrientationLandscapeLeft UIInterfaceOrientationLandscapeRight";
				IPHONEOS_DEPLOYMENT_TARGET = 16.4;
				LD_RUNPATH_SEARCH_PATHS = "@executable_path/Frameworks";
				"LD_RUNPATH_SEARCH_PATHS[sdk=macosx*]" = "@executable_path/../Frameworks";
				MACOSX_DEPLOYMENT_TARGET = 13.3;
				MARKETING_VERSION = 1.0;
				PRODUCT_BUNDLE_IDENTIFIER = hjrnunes.Cartilha;
				PRODUCT_NAME = "$(TARGET_NAME)";
				SDKROOT = auto;
				SUPPORTED_PLATFORMS = "iphonesimulator iphoneos";
				SUPPORTS_MACCATALYST = YES;
				SWIFT_EMIT_LOC_STRINGS = YES;
				SWIFT_VERSION = 5.0;
				TARGETED_DEVICE_FAMILY = "1,2";
			};
			name = Debug;
		};
		2EF527E62A560712001443CF /* Release */ = {
			isa = XCBuildConfiguration;
			buildSettings = {
				ALLOW_TARGET_PLATFORM_SPECIALIZATION = YES;
				ASSETCATALOG_COMPILER_APPICON_NAME = AppIcon;
				ASSETCATALOG_COMPILER_GLOBAL_ACCENT_COLOR_NAME = AccentColor;
				CODE_SIGN_ENTITLEMENTS = Cartilha/Cartilha.entitlements;
				CODE_SIGN_STYLE = Automatic;
				CURRENT_PROJECT_VERSION = 1;
				DEVELOPMENT_ASSET_PATHS = "\"Cartilha/Preview Content\"";
				DEVELOPMENT_TEAM = L99ND7F59X;
				ENABLE_HARDENED_RUNTIME = YES;
				ENABLE_PREVIEWS = YES;
				GENERATE_INFOPLIST_FILE = YES;
				"INFOPLIST_KEY_UIApplicationSceneManifest_Generation[sdk=iphoneos*]" = YES;
				"INFOPLIST_KEY_UIApplicationSceneManifest_Generation[sdk=iphonesimulator*]" = YES;
				"INFOPLIST_KEY_UIApplicationSupportsIndirectInputEvents[sdk=iphoneos*]" = YES;
				"INFOPLIST_KEY_UIApplicationSupportsIndirectInputEvents[sdk=iphonesimulator*]" = YES;
				"INFOPLIST_KEY_UILaunchScreen_Generation[sdk=iphoneos*]" = YES;
				"INFOPLIST_KEY_UILaunchScreen_Generation[sdk=iphonesimulator*]" = YES;
				"INFOPLIST_KEY_UIStatusBarStyle[sdk=iphoneos*]" = UIStatusBarStyleDefault;
				"INFOPLIST_KEY_UIStatusBarStyle[sdk=iphonesimulator*]" = UIStatusBarStyleDefault;
				INFOPLIST_KEY_UISupportedInterfaceOrientations_iPad = "UIInterfaceOrientationPortrait UIInterfaceOrientationPortraitUpsideDown UIInterfaceOrientationLandscapeLeft UIInterfaceOrientationLandscapeRight";
				INFOPLIST_KEY_UISupportedInterfaceOrientations_iPhone = "UIInterfaceOrientationPortrait UIInterfaceOrientationLandscapeLeft UIInterfaceOrientationLandscapeRight";
				IPHONEOS_DEPLOYMENT_TARGET = 16.4;
				LD_RUNPATH_SEARCH_PATHS = "@executable_path/Frameworks";
				"LD_RUNPATH_SEARCH_PATHS[sdk=macosx*]" = "@executable_path/../Frameworks";
				MACOSX_DEPLOYMENT_TARGET = 13.3;
				MARKETING_VERSION = 1.0;
				PRODUCT_BUNDLE_IDENTIFIER = hjrnunes.Cartilha;
				PRODUCT_NAME = "$(TARGET_NAME)";
				SDKROOT = auto;
				SUPPORTED_PLATFORMS = "iphonesimulator iphoneos";
				SUPPORTS_MACCATALYST = YES;
				SWIFT_EMIT_LOC_STRINGS = YES;
				SWIFT_VERSION = 5.0;
				TARGETED_DEVICE_FAMILY = "1,2";
			};
			name = Release;
		};
/* End XCBuildConfiguration section */

/* Begin XCConfigurationList section */
		2EF527D02A560710001443CF /* Build configuration list for PBXProject "Cartilha" */ = {
			isa = XCConfigurationList;
			buildConfigurations = (
				2EF527E22A560712001443CF /* Debug */,
				2EF527E32A560712001443CF /* Release */,
			);
			defaultConfigurationIsVisible = 0;
			defaultConfigurationName = Release;
		};
		2EF527E42A560712001443CF /* Build configuration list for PBXNativeTarget "Cartilha" */ = {
			isa = XCConfigurationList;
			buildConfigurations = (
				2EF527E52A560712001443CF /* Debug */,
				2EF527E62A560712001443CF /* Release */,
			);
			defaultConfigurationIsVisible = 0;
			defaultConfigurationName = Release;
		};
/* End XCConfigurationList section */
	};
	rootObject = 2EF527CD2A560710001443CF /* Project object */;
}
